
Microsoft Visual Studio Solution File, Format Version 12.00
# Visual Studio Version 16
VisualStudioVersion = 16.0.30114.105
MinimumVisualStudioVersion = 10.0.40219.1
Project("{9A19103F-16F7-4668-BE54-9A1E7A4F7556}") = "SPIRV-Cross-Beef.Generator", "SPIRV-Cross-Beef.Generator.csproj", "{D3A8CD73-C2E3-44AD-830D-C7F03BA70B10}"
EndProject
Global
	GlobalSection(SolutionConfigurationPlatforms) = preSolution
		Debug|Any CPU = Debug|Any CPU
		Release|Any CPU = Release|Any CPU
	EndGlobalSection
	GlobalSection(ProjectConfigurationPlatforms) = postSolution
		{D3A8CD73-C2E3-44AD-830D-C7F03BA70B10}.Debug|Any CPU.ActiveCfg = Debug|Any CPU
		{D3A8CD73-C2E3-44AD-830D-C7F03BA70B10}.Debug|Any CPU.Build.0 = Debug|Any CPU
		{D3A8CD73-C2E3-44AD-830D-C7F03BA70B10}.Release|Any CPU.ActiveCfg = Release|Any CPU
		{D3A8CD73-C2E3-44AD-830D-C7F03BA70B10}.Release|Any CPU.Build.0 = Release|Any CPU
	EndGlobalSection
	GlobalSection(SolutionProperties) = preSolution
		HideSolutionNode = FALSE
	EndGlobalSection
	GlobalSection(ExtensibilityGlobals) = postSolution
		SolutionGuid = {232803E2-99CE-45FF-9C94-8553E62EF01E}
	EndGlobalSection
EndGlobal
